{
  "name": "realm-flipper-plugin",
  "lockfileVersion": 2,
  "requires": true,
  "packages": {
    "": {
      "dependencies": {
        "fb-watchman": "^2.0.1",
        "pretty-print-json": "^1.2.5"
      }
    },
    "node_modules/bser": {
      "version": "2.1.1",
      "resolved": "https://registry.npmjs.org/bser/-/bser-2.1.1.tgz",
      "integrity": "sha512-gQxTNE/GAfIIrmHLUE3oJyp5FO6HRBfhjnw4/wMmA63ZGDJnWBmgY/lyQBpnDUkGmAhbSe39tx2d/iTOAfglwQ==",
      "dependencies": {
        "node-int64": "^0.4.0"
      }
    },
    "node_modules/fb-watchman": {
      "version": "2.0.1",
      "resolved": "https://registry.npmjs.org/fb-watchman/-/fb-watchman-2.0.1.tgz",
      "integrity": "sha512-DkPJKQeY6kKwmuMretBhr7G6Vodr7bFwDYTXIkfG1gjvNpaxBTQV3PbXg6bR1c1UP4jPOX0jHUbbHANL9vRjVg==",
      "dependencies": {
        "bser": "2.1.1"
      }
    },
    "node_modules/node-int64": {
      "version": "0.4.0",
      "resolved": "https://registry.npmjs.org/node-int64/-/node-int64-0.4.0.tgz",
      "integrity": "sha512-O5lz91xSOeoXP6DulyHfllpq+Eg00MWitZIbtPfoSEvqIHdl5gfcY6hYzDWnj0qD5tz52PI08u9qUvSVeUBeHw=="
    },
    "node_modules/pretty-print-json": {
      "version": "1.2.5",
      "resolved": "https://registry.npmjs.org/pretty-print-json/-/pretty-print-json-1.2.5.tgz",
      "integrity": "sha512-x4NdVYUBUFxYUnchuKIhSD3fys8ds64gjSNtNvdW5DWaN2HmClOKvU2XPITcLgi0+cXEyy3kdzUUUGTkmE9vtQ=="
    }
  },
  "dependencies": {
    "bser": {
      "version": "2.1.1",
      "resolved": "https://registry.npmjs.org/bser/-/bser-2.1.1.tgz",
      "integrity": "sha512-gQxTNE/GAfIIrmHLUE3oJyp5FO6HRBfhjnw4/wMmA63ZGDJnWBmgY/lyQBpnDUkGmAhbSe39tx2d/iTOAfglwQ==",
      "requires": {
        "node-int64": "^0.4.0"
      }
    },
    "fb-watchman": {
      "version": "2.0.1",
      "resolved": "https://registry.npmjs.org/fb-watchman/-/fb-watchman-2.0.1.tgz",
      "integrity": "sha512-DkPJKQeY6kKwmuMretBhr7G6Vodr7bFwDYTXIkfG1gjvNpaxBTQV3PbXg6bR1c1UP4jPOX0jHUbbHANL9vRjVg==",
      "requires": {
        "bser": "2.1.1"
      }
    },
    "node-int64": {
      "version": "0.4.0",
      "resolved": "https://registry.npmjs.org/node-int64/-/node-int64-0.4.0.tgz",
      "integrity": "sha512-O5lz91xSOeoXP6DulyHfllpq+Eg00MWitZIbtPfoSEvqIHdl5gfcY6hYzDWnj0qD5tz52PI08u9qUvSVeUBeHw=="
    },
    "pretty-print-json": {
      "version": "1.2.5",
      "resolved": "https://registry.npmjs.org/pretty-print-json/-/pretty-print-json-1.2.5.tgz",
      "integrity": "sha512-x4NdVYUBUFxYUnchuKIhSD3fys8ds64gjSNtNvdW5DWaN2HmClOKvU2XPITcLgi0+cXEyy3kdzUUUGTkmE9vtQ=="
    }
  }
}
